
Microsoft Visual Studio Solution File, Format Version 9.00
# Visual Studio 2005
Project("{8BC9CEB8-8B4A-11D0-8D11-00A0C91BC942}") = "cpp", "cpp.vcproj", "{BE128E3B-BAEE-45B6-B341-83D13415E2EA}"
EndProject
Global
	GlobalSection(SolutionConfigurationPlatforms) = preSolution
		Debug|Win32 = Debug|Win32
		Release|Win32 = Release|Win32
	EndGlobalSection
	GlobalSection(ProjectConfigurationPlatforms) = postSolution
		{BE128E3B-BAEE-45B6-B341-83D13415E2EA}.Debug|Win32.ActiveCfg = Debug|Win32
		{BE128E3B-BAEE-45B6-B341-83D13415E2EA}.Debug|Win32.Build.0 = Debug|Win32
		{BE128E3B-BAEE-45B6-B341-83D13415E2EA}.Release|Win32.ActiveCfg = Release|Win32
		{BE128E3B-BAEE-45B6-B341-83D13415E2EA}.Release|Win32.Build.0 = Release|Win32
	EndGlobalSection
	GlobalSection(SolutionProperties) = preSolution
		HideSolutionNode = FALSE
	EndGlobalSection
EndGlobal
